
Microsoft Visual Studio Solution File, Format Version 12.00
# Visual Studio Version 16
VisualStudioVersion = 16.0.32510.428
MinimumVisualStudioVersion = 10.0.40219.1
Project("{FAE04EC0-301F-11D3-BF4B-00C04F79EFBC}") = "ClassesAndObjects04", "ClassesAndObjects04\ClassesAndObjects04.csproj", "{1F30BD44-40D8-464C-AF7F-B192A845525C}"
EndProject
Global
	GlobalSection(SolutionConfigurationPlatforms) = preSolution
		Debug|Any CPU = Debug|Any CPU
		Release|Any CPU = Release|Any CPU
	EndGlobalSection
	GlobalSection(ProjectConfigurationPlatforms) = postSolution
		{1F30BD44-40D8-464C-AF7F-B192A845525C}.Debug|Any CPU.ActiveCfg = Debug|Any CPU
		{1F30BD44-40D8-464C-AF7F-B192A845525C}.Debug|Any CPU.Build.0 = Debug|Any CPU
		{1F30BD44-40D8-464C-AF7F-B192A845525C}.Release|Any CPU.ActiveCfg = Release|Any CPU
		{1F30BD44-40D8-464C-AF7F-B192A845525C}.Release|Any CPU.Build.0 = Release|Any CPU
	EndGlobalSection
	GlobalSection(SolutionProperties) = preSolution
		HideSolutionNode = FALSE
	EndGlobalSection
	GlobalSection(ExtensibilityGlobals) = postSolution
		SolutionGuid = {7A986C1B-B4F5-4FB7-84F7-77B373E2EB52}
	EndGlobalSection
EndGlobal
