
Microsoft Visual Studio Solution File, Format Version 12.00
# Visual Studio Version 17
VisualStudioVersion = 17.3.32929.385
MinimumVisualStudioVersion = 10.0.40219.1
Project("{FAE04EC0-301F-11D3-BF4B-00C04F79EFBC}") = "ValidateClock", "ValidateClock\ValidateClock.csproj", "{CF7B1884-C31A-46AB-91BA-2C9086F537A0}"
EndProject
Global
	GlobalSection(SolutionConfigurationPlatforms) = preSolution
		Debug|Any CPU = Debug|Any CPU
		Release|Any CPU = Release|Any CPU
	EndGlobalSection
	GlobalSection(ProjectConfigurationPlatforms) = postSolution
		{CF7B1884-C31A-46AB-91BA-2C9086F537A0}.Debug|Any CPU.ActiveCfg = Debug|Any CPU
		{CF7B1884-C31A-46AB-91BA-2C9086F537A0}.Debug|Any CPU.Build.0 = Debug|Any CPU
		{CF7B1884-C31A-46AB-91BA-2C9086F537A0}.Release|Any CPU.ActiveCfg = Release|Any CPU
		{CF7B1884-C31A-46AB-91BA-2C9086F537A0}.Release|Any CPU.Build.0 = Release|Any CPU
	EndGlobalSection
	GlobalSection(SolutionProperties) = preSolution
		HideSolutionNode = FALSE
	EndGlobalSection
	GlobalSection(ExtensibilityGlobals) = postSolution
		SolutionGuid = {F7FDB129-ADE3-46EE-8EEE-52310CD7DA32}
	EndGlobalSection
EndGlobal
